
Microsoft Visual Studio Solution File, Format Version 12.00
# Visual Studio Version 17
VisualStudioVersion = 17.14.36518.9 d17.14
MinimumVisualStudioVersion = 10.0.40219.1
Project("{FAE04EC0-301F-11D3-BF4B-00C04F79EFBC}") = "SimpleWebApi", "SimpleWebApi\SimpleWebApi.csproj", "{D081CD8A-756B-4F1D-89AE-A6CE4F3CE505}"
EndProject
Global
	GlobalSection(SolutionConfigurationPlatforms) = preSolution
		Debug|Any CPU = Debug|Any CPU
		Release|Any CPU = Release|Any CPU
	EndGlobalSection
	GlobalSection(ProjectConfigurationPlatforms) = postSolution
		{D081CD8A-756B-4F1D-89AE-A6CE4F3CE505}.Debug|Any CPU.ActiveCfg = Debug|Any CPU
		{D081CD8A-756B-4F1D-89AE-A6CE4F3CE505}.Debug|Any CPU.Build.0 = Debug|Any CPU
		{D081CD8A-756B-4F1D-89AE-A6CE4F3CE505}.Release|Any CPU.ActiveCfg = Release|Any CPU
		{D081CD8A-756B-4F1D-89AE-A6CE4F3CE505}.Release|Any CPU.Build.0 = Release|Any CPU
	EndGlobalSection
	GlobalSection(SolutionProperties) = preSolution
		HideSolutionNode = FALSE
	EndGlobalSection
	GlobalSection(ExtensibilityGlobals) = postSolution
		SolutionGuid = {49AFE6F2-5A38-4651-BABE-8138572034C8}
	EndGlobalSection
EndGlobal
